// !$*UTF8*$!
{
	archiveVersion = 1;
	classes = {
	};
	objectVersion = 56;
	objects = {

/* Begin PBXBuildFile section */
		F092205B2EB3B45000C9614A /* KidsProgressAppApp.swift in Sources */ = {isa = PBXBuildFile; fileRef = F092205A2EB3B45000C9614A /* KidsProgressAppApp.swift */; };
		F092205D2EB3B45000C9614A /* ContentView.swift in Sources */ = {isa = PBXBuildFile; fileRef = F092205C2EB3B45000C9614A /* ContentView.swift */; };
		F092205F2EB3B45200C9614A /* Assets.xcassets in Resources */ = {isa = PBXBuildFile; fileRef = F092205E2EB3B45200C9614A /* Assets.xcassets */; };
		F09220622EB3B45200C9614A /* Preview Assets.xcassets in Resources */ = {isa = PBXBuildFile; fileRef = F09220612EB3B45200C9614A /* Preview Assets.xcassets */; };
		F092206C2EB3B45200C9614A /* KidsProgressAppTests.swift in Sources */ = {isa = PBXBuildFile; fileRef = F092206B2EB3B45200C9614A /* KidsProgressAppTests.swift */; };
		F09220762EB3B45200C9614A /* KidsProgressAppUITests.swift in Sources */ = {isa = PBXBuildFile; fileRef = F09220752EB3B45200C9614A /* KidsProgressAppUITests.swift */; };
		F09220782EB3B45200C9614A /* KidsProgressAppUITestsLaunchTests.swift in Sources */ = {isa = PBXBuildFile; fileRef = F09220772EB3B45200C9614A /* KidsProgressAppUITestsLaunchTests.swift */; };
		F09220862EB3B56600C9614A /* Note.swift in Sources */ = {isa = PBXBuildFile; fileRef = F09220852EB3B56600C9614A /* Note.swift */; };
		F09220892EB3B5A400C9614A /* NotesViewModel.swift in Sources */ = {isa = PBXBuildFile; fileRef = F09220882EB3B5A400C9614A /* NotesViewModel.swift */; };
		F092208C2EB3B5E600C9614A /* ImagePicker.swift in Sources */ = {isa = PBXBuildFile; fileRef = F092208B2EB3B5E600C9614A /* ImagePicker.swift */; };
/* End PBXBuildFile section */

/* Begin PBXContainerItemProxy section */
		F09220682EB3B45200C9614A /* PBXContainerItemProxy */ = {
			isa = PBXContainerItemProxy;
			containerPortal = F092204F2EB3B45000C9614A /* Project object */;
			proxyType = 1;
			remoteGlobalIDString = F09220562EB3B45000C9614A;
			remoteInfo = KidsProgressApp;
		};
		F09220722EB3B45200C9614A /* PBXContainerItemProxy */ = {
			isa = PBXContainerItemProxy;
			containerPortal = F092204F2EB3B45000C9614A /* Project object */;
			proxyType = 1;
			remoteGlobalIDString = F09220562EB3B45000C9614A;
			remoteInfo = KidsProgressApp;
		};
/* End PBXContainerItemProxy section */

/* Begin PBXFileReference section */
		F09220572EB3B45000C9614A /* KidsProgressApp.app */ = {isa = PBXFileReference; explicitFileType = wrapper.application; includeInIndex = 0; path = KidsProgressApp.app; sourceTree = BUILT_PRODUCTS_DIR; };
		F092205A2EB3B45000C9614A /* KidsProgressAppApp.swift */ = {isa = PBXFileReference; lastKnownFileType = sourcecode.swift; path = KidsProgressAppApp.swift; sourceTree = "<group>"; };
		F092205C2EB3B45000C9614A /* ContentView.swift */ = {isa = PBXFileReference; lastKnownFileType = sourcecode.swift; path = ContentView.swift; sourceTree = "<group>"; };
		F092205E2EB3B45200C9614A /* Assets.xcassets */ = {isa = PBXFileReference; lastKnownFileType = folder.assetcatalog; path = Assets.xcassets; sourceTree = "<group>"; };
		F09220612EB3B45200C9614A /* Preview Assets.xcassets */ = {isa = PBXFileReference; lastKnownFileType = folder.assetcatalog; path = "Preview Assets.xcassets"; sourceTree = "<group>"; };
		F09220672EB3B45200C9614A /* KidsProgressAppTests.xctest */ = {isa = PBXFileReference; explicitFileType = wrapper.cfbundle; includeInIndex = 0; path = KidsProgressAppTests.xctest; sourceTree = BUILT_PRODUCTS_DIR; };
		F092206B2EB3B45200C9614A /* KidsProgressAppTests.swift */ = {isa = PBXFileReference; lastKnownFileType = sourcecode.swift; path = KidsProgressAppTests.swift; sourceTree = "<group>"; };
		F09220712EB3B45200C9614A /* KidsProgressAppUITests.xctest */ = {isa = PBXFileReference; explicitFileType = wrapper.cfbundle; includeInIndex = 0; path = KidsProgressAppUITests.xctest; sourceTree = BUILT_PRODUCTS_DIR; };
		F09220752EB3B45200C9614A /* KidsProgressAppUITests.swift */ = {isa = PBXFileReference; lastKnownFileType = sourcecode.swift; path = KidsProgressAppUITests.swift; sourceTree = "<group>"; };
		F09220772EB3B45200C9614A /* KidsProgressAppUITestsLaunchTests.swift */ = {isa = PBXFileReference; lastKnownFileType = sourcecode.swift; path = KidsProgressAppUITestsLaunchTests.swift; sourceTree = "<group>"; };
		F09220852EB3B56600C9614A /* Note.swift */ = {isa = PBXFileReference; lastKnownFileType = sourcecode.swift; path = Note.swift; sourceTree = "<group>"; };
		F09220882EB3B5A400C9614A /* NotesViewModel.swift */ = {isa = PBXFileReference; lastKnownFileType = sourcecode.swift; path = NotesViewModel.swift; sourceTree = "<group>"; };
		F092208B2EB3B5E600C9614A /* ImagePicker.swift */ = {isa = PBXFileReference; lastKnownFileType = sourcecode.swift; path = ImagePicker.swift; sourceTree = "<group>"; };
/* End PBXFileReference section */

/* Begin PBXFrameworksBuildPhase section */
		F09220542EB3B45000C9614A /* Frameworks */ = {
			isa = PBXFrameworksBuildPhase;
			buildActionMask = 2147483647;
			files = (
			);
			runOnlyForDeploymentPostprocessing = 0;
		};
		F09220642EB3B45200C9614A /* Frameworks */ = {
			isa = PBXFrameworksBuildPhase;
			buildActionMask = 2147483647;
			files = (
			);
			runOnlyForDeploymentPostprocessing = 0;
		};
		F092206E2EB3B45200C9614A /* Frameworks */ = {
			isa = PBXFrameworksBuildPhase;
			buildActionMask = 2147483647;
			files = (
			);
			runOnlyForDeploymentPostprocessing = 0;
		};
/* End PBXFrameworksBuildPhase section */

/* Begin PBXGroup section */
		F092204E2EB3B45000C9614A = {
			isa = PBXGroup;
			children = (
				F09220592EB3B45000C9614A /* KidsProgressApp */,
				F092206A2EB3B45200C9614A /* KidsProgressAppTests */,
				F09220742EB3B45200C9614A /* KidsProgressAppUITests */,
				F09220582EB3B45000C9614A /* Products */,
			);
			sourceTree = "<group>";
		};
		F09220582EB3B45000C9614A /* Products */ = {
			isa = PBXGroup;
			children = (
				F09220572EB3B45000C9614A /* KidsProgressApp.app */,
				F09220672EB3B45200C9614A /* KidsProgressAppTests.xctest */,
				F09220712EB3B45200C9614A /* KidsProgressAppUITests.xctest */,
			);
			name = Products;
			sourceTree = "<group>";
		};
		F09220592EB3B45000C9614A /* KidsProgressApp */ = {
			isa = PBXGroup;
			children = (
				F092208A2EB3B5CE00C9614A /* Helper */,
				F09220872EB3B58A00C9614A /* ViewModel */,
				F09220842EB3B54B00C9614A /* Model */,
				F092205A2EB3B45000C9614A /* KidsProgressAppApp.swift */,
				F092205C2EB3B45000C9614A /* ContentView.swift */,
				F092205E2EB3B45200C9614A /* Assets.xcassets */,
				F09220602EB3B45200C9614A /* Preview Content */,
			);
			path = KidsProgressApp;
			sourceTree = "<group>";
		};
		F09220602EB3B45200C9614A /* Preview Content */ = {
			isa = PBXGroup;
			children = (
				F09220612EB3B45200C9614A /* Preview Assets.xcassets */,
			);
			path = "Preview Content";
			sourceTree = "<group>";
		};
		F092206A2EB3B45200C9614A /* KidsProgressAppTests */ = {
			isa = PBXGroup;
			children = (
				F092206B2EB3B45200C9614A /* KidsProgressAppTests.swift */,
			);
			path = KidsProgressAppTests;
			sourceTree = "<group>";
		};
		F09220742EB3B45200C9614A /* KidsProgressAppUITests */ = {
			isa = PBXGroup;
			children = (
				F09220752EB3B45200C9614A /* KidsProgressAppUITests.swift */,
				F09220772EB3B45200C9614A /* KidsProgressAppUITestsLaunchTests.swift */,
			);
			path = KidsProgressAppUITests;
			sourceTree = "<group>";
		};
		F09220842EB3B54B00C9614A /* Model */ = {
			isa = PBXGroup;
			children = (
				F09220852EB3B56600C9614A /* Note.swift */,
			);
			path = Model;
			sourceTree = "<group>";
		};
		F09220872EB3B58A00C9614A /* ViewModel */ = {
			isa = PBXGroup;
			children = (
				F09220882EB3B5A400C9614A /* NotesViewModel.swift */,
			);
			path = ViewModel;
			sourceTree = "<group>";
		};
		F092208A2EB3B5CE00C9614A /* Helper */ = {
			isa = PBXGroup;
			children = (
				F092208B2EB3B5E600C9614A /* ImagePicker.swift */,
			);
			path = Helper;
			sourceTree = "<group>";
		};
/* End PBXGroup section */

/* Begin PBXNativeTarget section */
		F09220562EB3B45000C9614A /* KidsProgressApp */ = {
			isa = PBXNativeTarget;
			buildConfigurationList = F092207B2EB3B45300C9614A /* Build configuration list for PBXNativeTarget "KidsProgressApp" */;
			buildPhases = (
				F09220532EB3B45000C9614A /* Sources */,
				F09220542EB3B45000C9614A /* Frameworks */,
				F09220552EB3B45000C9614A /* Resources */,
			);
			buildRules = (
			);
			dependencies = (
			);
			name = KidsProgressApp;
			productName = KidsProgressApp;
			productReference = F09220572EB3B45000C9614A /* KidsProgressApp.app */;
			productType = "com.apple.product-type.application";
		};
		F09220662EB3B45200C9614A /* KidsProgressAppTests */ = {
			isa = PBXNativeTarget;
			buildConfigurationList = F092207E2EB3B45300C9614A /* Build configuration list for PBXNativeTarget "KidsProgressAppTests" */;
			buildPhases = (
				F09220632EB3B45200C9614A /* Sources */,
				F09220642EB3B45200C9614A /* Frameworks */,
				F09220652EB3B45200C9614A /* Resources */,
			);
			buildRules = (
			);
			dependencies = (
				F09220692EB3B45200C9614A /* PBXTargetDependency */,
			);
			name = KidsProgressAppTests;
			productName = KidsProgressAppTests;
			productReference = F09220672EB3B45200C9614A /* KidsProgressAppTests.xctest */;
			productType = "com.apple.product-type.bundle.unit-test";
		};
		F09220702EB3B45200C9614A /* KidsProgressAppUITests */ = {
			isa = PBXNativeTarget;
			buildConfigurationList = F09220812EB3B45300C9614A /* Build configuration list for PBXNativeTarget "KidsProgressAppUITests" */;
			buildPhases = (
				F092206D2EB3B45200C9614A /* Sources */,
				F092206E2EB3B45200C9614A /* Frameworks */,
				F092206F2EB3B45200C9614A /* Resources */,
			);
			buildRules = (
			);
			dependencies = (
				F09220732EB3B45200C9614A /* PBXTargetDependency */,
			);
			name = KidsProgressAppUITests;
			productName = KidsProgressAppUITests;
			productReference = F09220712EB3B45200C9614A /* KidsProgressAppUITests.xctest */;
			productType = "com.apple.product-type.bundle.ui-testing";
		};
/* End PBXNativeTarget section */

/* Begin PBXProject section */
		F092204F2EB3B45000C9614A /* Project object */ = {
			isa = PBXProject;
			attributes = {
				BuildIndependentTargetsInParallel = 1;
				LastSwiftUpdateCheck = 1520;
				LastUpgradeCheck = 1520;
				TargetAttributes = {
					F09220562EB3B45000C9614A = {
						CreatedOnToolsVersion = 15.2;
					};
					F09220662EB3B45200C9614A = {
						CreatedOnToolsVersion = 15.2;
						TestTargetID = F09220562EB3B45000C9614A;
					};
					F09220702EB3B45200C9614A = {
						CreatedOnToolsVersion = 15.2;
						TestTargetID = F09220562EB3B45000C9614A;
					};
				};
			};
			buildConfigurationList = F09220522EB3B45000C9614A /* Build configuration list for PBXProject "KidsProgressApp" */;
			compatibilityVersion = "Xcode 14.0";
			developmentRegion = en;
			hasScannedForEncodings = 0;
			knownRegions = (
				en,
				Base,
			);
			mainGroup = F092204E2EB3B45000C9614A;
			productRefGroup = F09220582EB3B45000C9614A /* Products */;
			projectDirPath = "";
			projectRoot = "";
			targets = (
				F09220562EB3B45000C9614A /* KidsProgressApp */,
				F09220662EB3B45200C9614A /* KidsProgressAppTests */,
				F09220702EB3B45200C9614A /* KidsProgressAppUITests */,
			);
		};
/* End PBXProject section */

/* Begin PBXResourcesBuildPhase section */
		F09220552EB3B45000C9614A /* Resources */ = {
			isa = PBXResourcesBuildPhase;
			buildActionMask = 2147483647;
			files = (
				F09220622EB3B45200C9614A /* Preview Assets.xcassets in Resources */,
				F092205F2EB3B45200C9614A /* Assets.xcassets in Resources */,
			);
			runOnlyForDeploymentPostprocessing = 0;
		};
		F09220652EB3B45200C9614A /* Resources */ = {
			isa = PBXResourcesBuildPhase;
			buildActionMask = 2147483647;
			files = (
			);
			runOnlyForDeploymentPostprocessing = 0;
		};
		F092206F2EB3B45200C9614A /* Resources */ = {
			isa = PBXResourcesBuildPhase;
			buildActionMask = 2147483647;
			files = (
			);
			runOnlyForDeploymentPostprocessing = 0;
		};
/* End PBXResourcesBuildPhase section */

/* Begin PBXSourcesBuildPhase section */
		F09220532EB3B45000C9614A /* Sources */ = {
			isa = PBXSourcesBuildPhase;
			buildActionMask = 2147483647;
			files = (
				F09220892EB3B5A400C9614A /* NotesViewModel.swift in Sources */,
				F092205D2EB3B45000C9614A /* ContentView.swift in Sources */,
				F092208C2EB3B5E600C9614A /* ImagePicker.swift in Sources */,
				F092205B2EB3B45000C9614A /* KidsProgressAppApp.swift in Sources */,
				F09220862EB3B56600C9614A /* Note.swift in Sources */,
			);
			runOnlyForDeploymentPostprocessing = 0;
		};
		F09220632EB3B45200C9614A /* Sources */ = {
			isa = PBXSourcesBuildPhase;
			buildActionMask = 2147483647;
			files = (
				F092206C2EB3B45200C9614A /* KidsProgressAppTests.swift in Sources */,
			);
			runOnlyForDeploymentPostprocessing = 0;
		};
		F092206D2EB3B45200C9614A /* Sources */ = {
			isa = PBXSourcesBuildPhase;
			buildActionMask = 2147483647;
			files = (
				F09220782EB3B45200C9614A /* KidsProgressAppUITestsLaunchTests.swift in Sources */,
				F09220762EB3B45200C9614A /* KidsProgressAppUITests.swift in Sources */,
			);
			runOnlyForDeploymentPostprocessing = 0;
		};
/* End PBXSourcesBuildPhase section */

/* Begin PBXTargetDependency section */
		F09220692EB3B45200C9614A /* PBXTargetDependency */ = {
			isa = PBXTargetDependency;
			target = F09220562EB3B45000C9614A /* KidsProgressApp */;
			targetProxy = F09220682EB3B45200C9614A /* PBXContainerItemProxy */;
		};
		F09220732EB3B45200C9614A /* PBXTargetDependency */ = {
			isa = PBXTargetDependency;
			target = F09220562EB3B45000C9614A /* KidsProgressApp */;
			targetProxy = F09220722EB3B45200C9614A /* PBXContainerItemProxy */;
		};
/* End PBXTargetDependency section */

/* Begin XCBuildConfiguration section */
		F09220792EB3B45200C9614A /* Debug */ = {
			isa = XCBuildConfiguration;
			buildSettings = {
				ALWAYS_SEARCH_USER_PATHS = NO;
				ASSETCATALOG_COMPILER_GENERATE_SWIFT_ASSET_SYMBOL_EXTENSIONS = YES;
				CLANG_ANALYZER_NONNULL = YES;
				CLANG_ANALYZER_NUMBER_OBJECT_CONVERSION = YES_AGGRESSIVE;
				CLANG_CXX_LANGUAGE_STANDARD = "gnu++20";
				CLANG_ENABLE_MODULES = YES;
				CLANG_ENABLE_OBJC_ARC = YES;
				CLANG_ENABLE_OBJC_WEAK = YES;
				CLANG_WARN_BLOCK_CAPTURE_AUTORELEASING = YES;
				CLANG_WARN_BOOL_CONVERSION = YES;
				CLANG_WARN_COMMA = YES;
				CLANG_WARN_CONSTANT_CONVERSION = YES;
				CLANG_WARN_DEPRECATED_OBJC_IMPLEMENTATIONS = YES;
				CLANG_WARN_DIRECT_OBJC_ISA_USAGE = YES_ERROR;
				CLANG_WARN_DOCUMENTATION_COMMENTS = YES;
				CLANG_WARN_EMPTY_BODY = YES;
				CLANG_WARN_ENUM_CONVERSION = YES;
				CLANG_WARN_INFINITE_RECURSION = YES;
				CLANG_WARN_INT_CONVERSION = YES;
				CLANG_WARN_NON_LITERAL_NULL_CONVERSION = YES;
				CLANG_WARN_OBJC_IMPLICIT_RETAIN_SELF = YES;
				CLANG_WARN_OBJC_LITERAL_CONVERSION = YES;
				CLANG_WARN_OBJC_ROOT_CLASS = YES_ERROR;
				CLANG_WARN_QUOTED_INCLUDE_IN_FRAMEWORK_HEADER = YES;
				CLANG_WARN_RANGE_LOOP_ANALYSIS = YES;
				CLANG_WARN_STRICT_PROTOTYPES = YES;
				CLANG_WARN_SUSPICIOUS_MOVE = YES;
				CLANG_WARN_UNGUARDED_AVAILABILITY = YES_AGGRESSIVE;
				CLANG_WARN_UNREACHABLE_CODE = YES;
				CLANG_WARN__DUPLICATE_METHOD_MATCH = YES;
				COPY_PHASE_STRIP = NO;
				DEBUG_INFORMATION_FORMAT = dwarf;
				ENABLE_STRICT_OBJC_MSGSEND = YES;
				ENABLE_TESTABILITY = YES;
				ENABLE_USER_SCRIPT_SANDBOXING = YES;
				GCC_C_LANGUAGE_STANDARD = gnu17;
				GCC_DYNAMIC_NO_PIC = NO;
				GCC_NO_COMMON_BLOCKS = YES;
				GCC_OPTIMIZATION_LEVEL = 0;
				GCC_PREPROCESSOR_DEFINITIONS = (
					"DEBUG=1",
					"$(inherited)",
				);
				GCC_WARN_64_TO_32_BIT_CONVERSION = YES;
				GCC_WARN_ABOUT_RETURN_TYPE = YES_ERROR;
				GCC_WARN_UNDECLARED_SELECTOR = YES;
				GCC_WARN_UNINITIALIZED_AUTOS = YES_AGGRESSIVE;
				GCC_WARN_UNUSED_FUNCTION = YES;
				GCC_WARN_UNUSED_VARIABLE = YES;
				IPHONEOS_DEPLOYMENT_TARGET = 17.2;
				LOCALIZATION_PREFERS_STRING_CATALOGS = YES;
				MTL_ENABLE_DEBUG_INFO = INCLUDE_SOURCE;
				MTL_FAST_MATH = YES;
				ONLY_ACTIVE_ARCH = YES;
				SDKROOT = iphoneos;
				SWIFT_ACTIVE_COMPILATION_CONDITIONS = "DEBUG $(inherited)";
				SWIFT_OPTIMIZATION_LEVEL = "-Onone";
			};
			name = Debug;
		};
		F092207A2EB3B45200C9614A /* Release */ = {
			isa = XCBuildConfiguration;
			buildSettings = {
				ALWAYS_SEARCH_USER_PATHS = NO;
				ASSETCATALOG_COMPILER_GENERATE_SWIFT_ASSET_SYMBOL_EXTENSIONS = YES;
				CLANG_ANALYZER_NONNULL = YES;
				CLANG_ANALYZER_NUMBER_OBJECT_CONVERSION = YES_AGGRESSIVE;
				CLANG_CXX_LANGUAGE_STANDARD = "gnu++20";
				CLANG_ENABLE_MODULES = YES;
				CLANG_ENABLE_OBJC_ARC = YES;
				CLANG_ENABLE_OBJC_WEAK = YES;
				CLANG_WARN_BLOCK_CAPTURE_AUTORELEASING = YES;
				CLANG_WARN_BOOL_CONVERSION = YES;
				CLANG_WARN_COMMA = YES;
				CLANG_WARN_CONSTANT_CONVERSION = YES;
				CLANG_WARN_DEPRECATED_OBJC_IMPLEMENTATIONS = YES;
				CLANG_WARN_DIRECT_OBJC_ISA_USAGE = YES_ERROR;
				CLANG_WARN_DOCUMENTATION_COMMENTS = YES;
				CLANG_WARN_EMPTY_BODY = YES;
				CLANG_WARN_ENUM_CONVERSION = YES;
				CLANG_WARN_INFINITE_RECURSION = YES;
				CLANG_WARN_INT_CONVERSION = YES;
				CLANG_WARN_NON_LITERAL_NULL_CONVERSION = YES;
				CLANG_WARN_OBJC_IMPLICIT_RETAIN_SELF = YES;
				CLANG_WARN_OBJC_LITERAL_CONVERSION = YES;
				CLANG_WARN_OBJC_ROOT_CLASS = YES_ERROR;
				CLANG_WARN_QUOTED_INCLUDE_IN_FRAMEWORK_HEADER = YES;
				CLANG_WARN_RANGE_LOOP_ANALYSIS = YES;
				CLANG_WARN_STRICT_PROTOTYPES = YES;
				CLANG_WARN_SUSPICIOUS_MOVE = YES;
				CLANG_WARN_UNGUARDED_AVAILABILITY = YES_AGGRESSIVE;
				CLANG_WARN_UNREACHABLE_CODE = YES;
				CLANG_WARN__DUPLICATE_METHOD_MATCH = YES;
				COPY_PHASE_STRIP = NO;
				DEBUG_INFORMATION_FORMAT = "dwarf-with-dsym";
				ENABLE_NS_ASSERTIONS = NO;
				ENABLE_STRICT_OBJC_MSGSEND = YES;
				ENABLE_USER_SCRIPT_SANDBOXING = YES;
				GCC_C_LANGUAGE_STANDARD = gnu17;
				GCC_NO_COMMON_BLOCKS = YES;
				GCC_WARN_64_TO_32_BIT_CONVERSION = YES;
				GCC_WARN_ABOUT_RETURN_TYPE = YES_ERROR;
				GCC_WARN_UNDECLARED_SELECTOR = YES;
				GCC_WARN_UNINITIALIZED_AUTOS = YES_AGGRESSIVE;
				GCC_WARN_UNUSED_FUNCTION = YES;
				GCC_WARN_UNUSED_VARIABLE = YES;
				IPHONEOS_DEPLOYMENT_TARGET = 17.2;
				LOCALIZATION_PREFERS_STRING_CATALOGS = YES;
				MTL_ENABLE_DEBUG_INFO = NO;
				MTL_FAST_MATH = YES;
				SDKROOT = iphoneos;
				SWIFT_COMPILATION_MODE = wholemodule;
				VALIDATE_PRODUCT = YES;
			};
			name = Release;
		};
		F092207C2EB3B45300C9614A /* Debug */ = {
			isa = XCBuildConfiguration;
			buildSettings = {
				ASSETCATALOG_COMPILER_APPICON_NAME = AppIcon;
				ASSETCATALOG_COMPILER_GLOBAL_ACCENT_COLOR_NAME = AccentColor;
				CODE_SIGN_STYLE = Automatic;
				CURRENT_PROJECT_VERSION = 1;
				DEVELOPMENT_ASSET_PATHS = "\"KidsProgressApp/Preview Content\"";
				ENABLE_PREVIEWS = YES;
				GENERATE_INFOPLIST_FILE = YES;
				INFOPLIST_KEY_UIApplicationSceneManifest_Generation = YES;
				INFOPLIST_KEY_UIApplicationSupportsIndirectInputEvents = YES;
				INFOPLIST_KEY_UILaunchScreen_Generation = YES;
				INFOPLIST_KEY_UISupportedInterfaceOrientations_iPad = "UIInterfaceOrientationPortrait UIInterfaceOrientationPortraitUpsideDown UIInterfaceOrientationLandscapeLeft UIInterfaceOrientationLandscapeRight";
				INFOPLIST_KEY_UISupportedInterfaceOrientations_iPhone = "UIInterfaceOrientationPortrait UIInterfaceOrientationLandscapeLeft UIInterfaceOrientationLandscapeRight";
				LD_RUNPATH_SEARCH_PATHS = (
					"$(inherited)",
					"@executable_path/Frameworks",
				);
				MARKETING_VERSION = 1.0;
				PRODUCT_BUNDLE_IDENTIFIER = com.samreen.KidsProgressApp;
				PRODUCT_NAME = "$(TARGET_NAME)";
				SWIFT_EMIT_LOC_STRINGS = YES;
				SWIFT_VERSION = 5.0;
				TARGETED_DEVICE_FAMILY = "1,2";
			};
			name = Debug;
		};
		F092207D2EB3B45300C9614A /* Release */ = {
			isa = XCBuildConfiguration;
			buildSettings = {
				ASSETCATALOG_COMPILER_APPICON_NAME = AppIcon;
				ASSETCATALOG_COMPILER_GLOBAL_ACCENT_COLOR_NAME = AccentColor;
				CODE_SIGN_STYLE = Automatic;
				CURRENT_PROJECT_VERSION = 1;
				DEVELOPMENT_ASSET_PATHS = "\"KidsProgressApp/Preview Content\"";
				ENABLE_PREVIEWS = YES;
				GENERATE_INFOPLIST_FILE = YES;
				INFOPLIST_KEY_UIApplicationSceneManifest_Generation = YES;
				INFOPLIST_KEY_UIApplicationSupportsIndirectInputEvents = YES;
				INFOPLIST_KEY_UILaunchScreen_Generation = YES;
				INFOPLIST_KEY_UISupportedInterfaceOrientations_iPad = "UIInterfaceOrientationPortrait UIInterfaceOrientationPortraitUpsideDown UIInterfaceOrientationLandscapeLeft UIInterfaceOrientationLandscapeRight";
				INFOPLIST_KEY_UISupportedInterfaceOrientations_iPhone = "UIInterfaceOrientationPortrait UIInterfaceOrientationLandscapeLeft UIInterfaceOrientationLandscapeRight";
				LD_RUNPATH_SEARCH_PATHS = (
					"$(inherited)",
					"@executable_path/Frameworks",
				);
				MARKETING_VERSION = 1.0;
				PRODUCT_BUNDLE_IDENTIFIER = com.samreen.KidsProgressApp;
				PRODUCT_NAME = "$(TARGET_NAME)";
				SWIFT_EMIT_LOC_STRINGS = YES;
				SWIFT_VERSION = 5.0;
				TARGETED_DEVICE_FAMILY = "1,2";
			};
			name = Release;
		};
		F092207F2EB3B45300C9614A /* Debug */ = {
			isa = XCBuildConfiguration;
			buildSettings = {
				ALWAYS_EMBED_SWIFT_STANDARD_LIBRARIES = YES;
				BUNDLE_LOADER = "$(TEST_HOST)";
				CODE_SIGN_STYLE = Automatic;
				CURRENT_PROJECT_VERSION = 1;
				GENERATE_INFOPLIST_FILE = YES;
				IPHONEOS_DEPLOYMENT_TARGET = 17.2;
				MARKETING_VERSION = 1.0;
				PRODUCT_BUNDLE_IDENTIFIER = com.samreen.KidsProgressAppTests;
				PRODUCT_NAME = "$(TARGET_NAME)";
				SWIFT_EMIT_LOC_STRINGS = NO;
				SWIFT_VERSION = 5.0;
				TARGETED_DEVICE_FAMILY = "1,2";
				TEST_HOST = "$(BUILT_PRODUCTS_DIR)/KidsProgressApp.app/$(BUNDLE_EXECUTABLE_FOLDER_PATH)/KidsProgressApp";
			};
			name = Debug;
		};
		F09220802EB3B45300C9614A /* Release */ = {
			isa = XCBuildConfiguration;
			buildSettings = {
				ALWAYS_EMBED_SWIFT_STANDARD_LIBRARIES = YES;
				BUNDLE_LOADER = "$(TEST_HOST)";
				CODE_SIGN_STYLE = Automatic;
				CURRENT_PROJECT_VERSION = 1;
				GENERATE_INFOPLIST_FILE = YES;
				IPHONEOS_DEPLOYMENT_TARGET = 17.2;
				MARKETING_VERSION = 1.0;
				PRODUCT_BUNDLE_IDENTIFIER = com.samreen.KidsProgressAppTests;
				PRODUCT_NAME = "$(TARGET_NAME)";
				SWIFT_EMIT_LOC_STRINGS = NO;
				SWIFT_VERSION = 5.0;
				TARGETED_DEVICE_FAMILY = "1,2";
				TEST_HOST = "$(BUILT_PRODUCTS_DIR)/KidsProgressApp.app/$(BUNDLE_EXECUTABLE_FOLDER_PATH)/KidsProgressApp";
			};
			name = Release;
		};
		F09220822EB3B45300C9614A /* Debug */ = {
			isa = XCBuildConfiguration;
			buildSettings = {
				ALWAYS_EMBED_SWIFT_STANDARD_LIBRARIES = YES;
				CODE_SIGN_STYLE = Automatic;
				CURRENT_PROJECT_VERSION = 1;
				GENERATE_INFOPLIST_FILE = YES;
				MARKETING_VERSION = 1.0;
				PRODUCT_BUNDLE_IDENTIFIER = com.samreen.KidsProgressAppUITests;
				PRODUCT_NAME = "$(TARGET_NAME)";
				SWIFT_EMIT_LOC_STRINGS = NO;
				SWIFT_VERSION = 5.0;
				TARGETED_DEVICE_FAMILY = "1,2";
				TEST_TARGET_NAME = KidsProgressApp;
			};
			name = Debug;
		};
		F09220832EB3B45300C9614A /* Release */ = {
			isa = XCBuildConfiguration;
			buildSettings = {
				ALWAYS_EMBED_SWIFT_STANDARD_LIBRARIES = YES;
				CODE_SIGN_STYLE = Automatic;
				CURRENT_PROJECT_VERSION = 1;
				GENERATE_INFOPLIST_FILE = YES;
				MARKETING_VERSION = 1.0;
				PRODUCT_BUNDLE_IDENTIFIER = com.samreen.KidsProgressAppUITests;
				PRODUCT_NAME = "$(TARGET_NAME)";
				SWIFT_EMIT_LOC_STRINGS = NO;
				SWIFT_VERSION = 5.0;
				TARGETED_DEVICE_FAMILY = "1,2";
				TEST_TARGET_NAME = KidsProgressApp;
			};
			name = Release;
		};
/* End XCBuildConfiguration section */

/* Begin XCConfigurationList section */
		F09220522EB3B45000C9614A /* Build configuration list for PBXProject "KidsProgressApp" */ = {
			isa = XCConfigurationList;
			buildConfigurations = (
				F09220792EB3B45200C9614A /* Debug */,
				F092207A2EB3B45200C9614A /* Release */,
			);
			defaultConfigurationIsVisible = 0;
			defaultConfigurationName = Release;
		};
		F092207B2EB3B45300C9614A /* Build configuration list for PBXNativeTarget "KidsProgressApp" */ = {
			isa = XCConfigurationList;
			buildConfigurations = (
				F092207C2EB3B45300C9614A /* Debug */,
				F092207D2EB3B45300C9614A /* Release */,
			);
			defaultConfigurationIsVisible = 0;
			defaultConfigurationName = Release;
		};
		F092207E2EB3B45300C9614A /* Build configuration list for PBXNativeTarget "KidsProgressAppTests" */ = {
			isa = XCConfigurationList;
			buildConfigurations = (
				F092207F2EB3B45300C9614A /* Debug */,
				F09220802EB3B45300C9614A /* Release */,
			);
			defaultConfigurationIsVisible = 0;
			defaultConfigurationName = Release;
		};
		F09220812EB3B45300C9614A /* Build configuration list for PBXNativeTarget "KidsProgressAppUITests" */ = {
			isa = XCConfigurationList;
			buildConfigurations = (
				F09220822EB3B45300C9614A /* Debug */,
				F09220832EB3B45300C9614A /* Release */,
			);
			defaultConfigurationIsVisible = 0;
			defaultConfigurationName = Release;
		};
/* End XCConfigurationList section */
	};
	rootObject = F092204F2EB3B45000C9614A /* Project object */;
}
